{
  "name": "js-sandbox",
  "version": "1.0.0",
  "lockfileVersion": 1,
  "requires": true,
  "dependencies": {
    "cryo": {
      "version": "0.0.6",
      "resolved": "https://registry.npmjs.org/cryo/-/cryo-0.0.6.tgz",
      "integrity": "sha1-FoMyldLuFv85cR24QGF7euSvC6Q="
    },
    "js-interpreter": {
      "version": "2.3.1",
      "resolved": "https://registry.npmjs.org/js-interpreter/-/js-interpreter-2.3.1.tgz",
      "integrity": "sha512-zqs0+W/9MqJGchXTkKLcsiNxF5i7dxH3r5aNlYCgt17WjBbRZu+x0WBG5yUAnewVq3tKnWUkibsQXuJGWt9bUw==",
      "requires": {
        "minimist": "^1.2.0"
      }
    },
    "minimist": {
      "version": "1.2.6",
      "resolved": "https://registry.npmjs.org/minimist/-/minimist-1.2.6.tgz",
      "integrity": "sha512-Jsjnk4bw3YJqYzbdyBiNsPWHPfO++UGG749Cxs6peCu5Xg4nrena6OVxOYxrQTqww0Jmwt+Ref8rggumkTLz9Q=="
    }
  }
}
