{
  "name": "js-deserial-breaker",
  "version": "1.0.0",
  "lockfileVersion": 1,
  "requires": true,
  "dependencies": {
    "cryo": {
      "version": "0.0.6",
      "resolved": "https://registry.npmjs.org/cryo/-/cryo-0.0.6.tgz",
      "integrity": "sha1-FoMyldLuFv85cR24QGF7euSvC6Q="
    },
    "node-serialize": {
      "version": "0.0.4",
      "resolved": "https://registry.npmjs.org/node-serialize/-/node-serialize-0.0.4.tgz",
      "integrity": "sha1-tzpJ4TUzBmVxA6Xkn38FJ5upf38="
    },
    "serialize-to-js": {
      "version": "3.1.2",
      "resolved": "https://registry.npmjs.org/serialize-to-js/-/serialize-to-js-3.1.2.tgz",
      "integrity": "sha512-owllqNuDDEimQat7EPG0tH7JjO090xKNzUtYz6X+Sk2BXDnOCilDdNLwjWeFywG9xkJul1ULvtUQa9O4pUaY0w=="
    }
  }
}
